
Microsoft Visual Studio Solution File, Format Version 12.00
# Visual Studio Version 17
VisualStudioVersion = 17.0.31903.59
MinimumVisualStudioVersion = 10.0.40219.1
Project("{2150E333-8FDC-42A3-9474-1A3956D46DE8}") = "Solution Items", "Solution Items", "{08179313-7469-428C-A9B9-615C75E3F7AB}"
	ProjectSection(SolutionItems) = preProject
		.gitignore = .gitignore
		..\README.md = ..\README.md
	EndProjectSection
EndProject
Project("{9A19103F-16F7-4668-BE54-9A1E7A4F7556}") = "BigOn WebUI", "BigOn WebUI\BigOn WebUI.csproj", "{1221975C-37B7-49C5-AB18-719A28386258}"
EndProject
Project("{FAE04EC0-301F-11D3-BF4B-00C04F79EFBC}") = "BigOn.Infrastructure", "BigOn.Infrastructure\BigOn.Infrastructure.csproj", "{C83567BB-09DD-4210-A58D-333442E3BF45}"
EndProject
Project("{FAE04EC0-301F-11D3-BF4B-00C04F79EFBC}") = "BigOn.Data", "BigOn.Data\BigOn.Data.csproj", "{8271EEE8-D843-48F4-9572-4CA2DA6B8842}"
EndProject
Project("{FAE04EC0-301F-11D3-BF4B-00C04F79EFBC}") = "BigOn.Business", "BigOn.Business\BigOn.Business.csproj", "{9D698B84-0314-42C9-A358-12AFD605F430}"
EndProject
Project("{FAE04EC0-301F-11D3-BF4B-00C04F79EFBC}") = "BigOn.WebApi", "BigOn.WebApi\BigOn.WebApi.csproj", "{D622EC68-F847-4647-8787-4CAFD9D7FCA6}"
EndProject
Global
	GlobalSection(SolutionConfigurationPlatforms) = preSolution
		Debug|Any CPU = Debug|Any CPU
		Release|Any CPU = Release|Any CPU
	EndGlobalSection
	GlobalSection(ProjectConfigurationPlatforms) = postSolution
		{1221975C-37B7-49C5-AB18-719A28386258}.Debug|Any CPU.ActiveCfg = Debug|Any CPU
		{1221975C-37B7-49C5-AB18-719A28386258}.Debug|Any CPU.Build.0 = Debug|Any CPU
		{1221975C-37B7-49C5-AB18-719A28386258}.Release|Any CPU.ActiveCfg = Release|Any CPU
		{1221975C-37B7-49C5-AB18-719A28386258}.Release|Any CPU.Build.0 = Release|Any CPU
		{C83567BB-09DD-4210-A58D-333442E3BF45}.Debug|Any CPU.ActiveCfg = Debug|Any CPU
		{C83567BB-09DD-4210-A58D-333442E3BF45}.Debug|Any CPU.Build.0 = Debug|Any CPU
		{C83567BB-09DD-4210-A58D-333442E3BF45}.Release|Any CPU.ActiveCfg = Release|Any CPU
		{C83567BB-09DD-4210-A58D-333442E3BF45}.Release|Any CPU.Build.0 = Release|Any CPU
		{8271EEE8-D843-48F4-9572-4CA2DA6B8842}.Debug|Any CPU.ActiveCfg = Debug|Any CPU
		{8271EEE8-D843-48F4-9572-4CA2DA6B8842}.Debug|Any CPU.Build.0 = Debug|Any CPU
		{8271EEE8-D843-48F4-9572-4CA2DA6B8842}.Release|Any CPU.ActiveCfg = Release|Any CPU
		{8271EEE8-D843-48F4-9572-4CA2DA6B8842}.Release|Any CPU.Build.0 = Release|Any CPU
		{9D698B84-0314-42C9-A358-12AFD605F430}.Debug|Any CPU.ActiveCfg = Debug|Any CPU
		{9D698B84-0314-42C9-A358-12AFD605F430}.Debug|Any CPU.Build.0 = Debug|Any CPU
		{9D698B84-0314-42C9-A358-12AFD605F430}.Release|Any CPU.ActiveCfg = Release|Any CPU
		{9D698B84-0314-42C9-A358-12AFD605F430}.Release|Any CPU.Build.0 = Release|Any CPU
		{D622EC68-F847-4647-8787-4CAFD9D7FCA6}.Debug|Any CPU.ActiveCfg = Debug|Any CPU
		{D622EC68-F847-4647-8787-4CAFD9D7FCA6}.Debug|Any CPU.Build.0 = Debug|Any CPU
		{D622EC68-F847-4647-8787-4CAFD9D7FCA6}.Release|Any CPU.ActiveCfg = Release|Any CPU
		{D622EC68-F847-4647-8787-4CAFD9D7FCA6}.Release|Any CPU.Build.0 = Release|Any CPU
	EndGlobalSection
	GlobalSection(SolutionProperties) = preSolution
		HideSolutionNode = FALSE
	EndGlobalSection
	GlobalSection(ExtensibilityGlobals) = postSolution
		SolutionGuid = {F7B3ED67-433D-418A-9482-F5AEFAC9BC98}
	EndGlobalSection
EndGlobal
